
Microsoft Visual Studio Solution File, Format Version 12.00
# Visual Studio Version 17
VisualStudioVersion = 17.1.32328.378
MinimumVisualStudioVersion = 10.0.40219.1
Project("{FAE04EC0-301F-11D3-BF4B-00C04F79EFBC}") = "RabbitOracleWorker", "RabbitOracleWorker\RabbitOracleWorker.csproj", "{AA6C0A96-EF08-4773-970E-5B4E00010051}"
EndProject
Global
	GlobalSection(SolutionConfigurationPlatforms) = preSolution
		Debug|Any CPU = Debug|Any CPU
		Release|Any CPU = Release|Any CPU
	EndGlobalSection
	GlobalSection(ProjectConfigurationPlatforms) = postSolution
		{AA6C0A96-EF08-4773-970E-5B4E00010051}.Debug|Any CPU.ActiveCfg = Debug|Any CPU
		{AA6C0A96-EF08-4773-970E-5B4E00010051}.Debug|Any CPU.Build.0 = Debug|Any CPU
		{AA6C0A96-EF08-4773-970E-5B4E00010051}.Release|Any CPU.ActiveCfg = Release|Any CPU
		{AA6C0A96-EF08-4773-970E-5B4E00010051}.Release|Any CPU.Build.0 = Release|Any CPU
	EndGlobalSection
	GlobalSection(SolutionProperties) = preSolution
		HideSolutionNode = FALSE
	EndGlobalSection
	GlobalSection(ExtensibilityGlobals) = postSolution
		SolutionGuid = {661EC6E5-95EC-4C54-A984-665947797CB5}
	EndGlobalSection
EndGlobal
